
Microsoft Visual Studio Solution File, Format Version 12.00
# Visual Studio Version 17
VisualStudioVersion = 17.8.34330.188
MinimumVisualStudioVersion = 10.0.40219.1
Project("{FAE04EC0-301F-11D3-BF4B-00C04F79EFBC}") = "Authencation", "Authencation\Authencation.csproj", "{B789CC39-3C73-4C0E-BAAD-CFCC496705AF}"
EndProject
Global
	GlobalSection(SolutionConfigurationPlatforms) = preSolution
		Debug|Any CPU = Debug|Any CPU
		Release|Any CPU = Release|Any CPU
	EndGlobalSection
	GlobalSection(ProjectConfigurationPlatforms) = postSolution
		{B789CC39-3C73-4C0E-BAAD-CFCC496705AF}.Debug|Any CPU.ActiveCfg = Debug|Any CPU
		{B789CC39-3C73-4C0E-BAAD-CFCC496705AF}.Debug|Any CPU.Build.0 = Debug|Any CPU
		{B789CC39-3C73-4C0E-BAAD-CFCC496705AF}.Release|Any CPU.ActiveCfg = Release|Any CPU
		{B789CC39-3C73-4C0E-BAAD-CFCC496705AF}.Release|Any CPU.Build.0 = Release|Any CPU
	EndGlobalSection
	GlobalSection(SolutionProperties) = preSolution
		HideSolutionNode = FALSE
	EndGlobalSection
	GlobalSection(ExtensibilityGlobals) = postSolution
		SolutionGuid = {0394E704-0D01-4BD4-8940-685FA5AD40ED}
	EndGlobalSection
EndGlobal
