
Microsoft Visual Studio Solution File, Format Version 12.00
# Visual Studio Version 17
VisualStudioVersion = 17.8.34511.84
MinimumVisualStudioVersion = 10.0.40219.1
Project("{FAE04EC0-301F-11D3-BF4B-00C04F79EFBC}") = "Banking Report", "Banking Report\Banking Report.csproj", "{A30A8E44-CD2E-454E-BB3B-446E80C5A8C9}"
EndProject
Global
	GlobalSection(SolutionConfigurationPlatforms) = preSolution
		Debug|Any CPU = Debug|Any CPU
		Release|Any CPU = Release|Any CPU
	EndGlobalSection
	GlobalSection(ProjectConfigurationPlatforms) = postSolution
		{A30A8E44-CD2E-454E-BB3B-446E80C5A8C9}.Debug|Any CPU.ActiveCfg = Debug|Any CPU
		{A30A8E44-CD2E-454E-BB3B-446E80C5A8C9}.Debug|Any CPU.Build.0 = Debug|Any CPU
		{A30A8E44-CD2E-454E-BB3B-446E80C5A8C9}.Release|Any CPU.ActiveCfg = Release|Any CPU
		{A30A8E44-CD2E-454E-BB3B-446E80C5A8C9}.Release|Any CPU.Build.0 = Release|Any CPU
	EndGlobalSection
	GlobalSection(SolutionProperties) = preSolution
		HideSolutionNode = FALSE
	EndGlobalSection
	GlobalSection(ExtensibilityGlobals) = postSolution
		SolutionGuid = {6A1FA99B-D021-4712-851F-B37733E44ED0}
	EndGlobalSection
EndGlobal
