
Microsoft Visual Studio Solution File, Format Version 12.00
# Visual Studio Version 17
VisualStudioVersion = 17.8.34330.188
MinimumVisualStudioVersion = 10.0.40219.1
Project("{FAE04EC0-301F-11D3-BF4B-00C04F79EFBC}") = "Repasitary", "Repasitary\Repasitary.csproj", "{12FE06C3-2E48-4AB9-A207-ED5029E82526}"
EndProject
Project("{FAE04EC0-301F-11D3-BF4B-00C04F79EFBC}") = "Entities", "Entities\Entities.csproj", "{8F6D7099-47B5-403A-9115-1D60000C73C0}"
EndProject
Project("{FAE04EC0-301F-11D3-BF4B-00C04F79EFBC}") = "Contracts", "Contracts\Contracts.csproj", "{D4C3E9D2-8AF3-4AD6-A4D0-F1E6265E7D18}"
EndProject
Project("{FAE04EC0-301F-11D3-BF4B-00C04F79EFBC}") = "Repo", "Repo\Repo.csproj", "{8C98894B-F239-43D9-ADD7-F197878C2975}"
EndProject
Global
	GlobalSection(SolutionConfigurationPlatforms) = preSolution
		Debug|Any CPU = Debug|Any CPU
		Release|Any CPU = Release|Any CPU
	EndGlobalSection
	GlobalSection(ProjectConfigurationPlatforms) = postSolution
		{12FE06C3-2E48-4AB9-A207-ED5029E82526}.Debug|Any CPU.ActiveCfg = Debug|Any CPU
		{12FE06C3-2E48-4AB9-A207-ED5029E82526}.Debug|Any CPU.Build.0 = Debug|Any CPU
		{12FE06C3-2E48-4AB9-A207-ED5029E82526}.Release|Any CPU.ActiveCfg = Release|Any CPU
		{12FE06C3-2E48-4AB9-A207-ED5029E82526}.Release|Any CPU.Build.0 = Release|Any CPU
		{8F6D7099-47B5-403A-9115-1D60000C73C0}.Debug|Any CPU.ActiveCfg = Debug|Any CPU
		{8F6D7099-47B5-403A-9115-1D60000C73C0}.Debug|Any CPU.Build.0 = Debug|Any CPU
		{8F6D7099-47B5-403A-9115-1D60000C73C0}.Release|Any CPU.ActiveCfg = Release|Any CPU
		{8F6D7099-47B5-403A-9115-1D60000C73C0}.Release|Any CPU.Build.0 = Release|Any CPU
		{D4C3E9D2-8AF3-4AD6-A4D0-F1E6265E7D18}.Debug|Any CPU.ActiveCfg = Debug|Any CPU
		{D4C3E9D2-8AF3-4AD6-A4D0-F1E6265E7D18}.Debug|Any CPU.Build.0 = Debug|Any CPU
		{D4C3E9D2-8AF3-4AD6-A4D0-F1E6265E7D18}.Release|Any CPU.ActiveCfg = Release|Any CPU
		{D4C3E9D2-8AF3-4AD6-A4D0-F1E6265E7D18}.Release|Any CPU.Build.0 = Release|Any CPU
		{8C98894B-F239-43D9-ADD7-F197878C2975}.Debug|Any CPU.ActiveCfg = Debug|Any CPU
		{8C98894B-F239-43D9-ADD7-F197878C2975}.Debug|Any CPU.Build.0 = Debug|Any CPU
		{8C98894B-F239-43D9-ADD7-F197878C2975}.Release|Any CPU.ActiveCfg = Release|Any CPU
		{8C98894B-F239-43D9-ADD7-F197878C2975}.Release|Any CPU.Build.0 = Release|Any CPU
	EndGlobalSection
	GlobalSection(SolutionProperties) = preSolution
		HideSolutionNode = FALSE
	EndGlobalSection
	GlobalSection(ExtensibilityGlobals) = postSolution
		SolutionGuid = {D17009E2-F027-48EE-B708-C9DEF307B3B2}
	EndGlobalSection
EndGlobal
